
Microsoft Visual Studio Solution File, Format Version 12.00
# Visual Studio Version 17
VisualStudioVersion = 17.4.33122.133
MinimumVisualStudioVersion = 10.0.40219.1
Project("{FAE04EC0-301F-11D3-BF4B-00C04F79EFBC}") = "MophongFCFS_SJF", "MophongFCFS_SJF\MophongFCFS_SJF.csproj", "{BE56F7C7-D88F-4316-8525-479DF6550FB0}"
EndProject
Global
	GlobalSection(SolutionConfigurationPlatforms) = preSolution
		Debug|Any CPU = Debug|Any CPU
		Release|Any CPU = Release|Any CPU
	EndGlobalSection
	GlobalSection(ProjectConfigurationPlatforms) = postSolution
		{BE56F7C7-D88F-4316-8525-479DF6550FB0}.Debug|Any CPU.ActiveCfg = Debug|Any CPU
		{BE56F7C7-D88F-4316-8525-479DF6550FB0}.Debug|Any CPU.Build.0 = Debug|Any CPU
		{BE56F7C7-D88F-4316-8525-479DF6550FB0}.Release|Any CPU.ActiveCfg = Release|Any CPU
		{BE56F7C7-D88F-4316-8525-479DF6550FB0}.Release|Any CPU.Build.0 = Release|Any CPU
	EndGlobalSection
	GlobalSection(SolutionProperties) = preSolution
		HideSolutionNode = FALSE
	EndGlobalSection
	GlobalSection(ExtensibilityGlobals) = postSolution
		SolutionGuid = {69E4C241-B487-4A32-AEFF-81ED38457315}
	EndGlobalSection
EndGlobal
